// !$*UTF8*$!
{
	archiveVersion = 1;
	classes = {
	};
	objectVersion = 46;
	objects = {

/* Begin PBXBuildFile section */
		E94135B4194BE8E50030BF9C /* AppDelegate.swift in Sources */ = {isa = PBXBuildFile; fileRef = E94135B3194BE8E50030BF9C /* AppDelegate.swift */; };
		E94135B9194BE8E50030BF9C /* Main.storyboard in Resources */ = {isa = PBXBuildFile; fileRef = E94135B7194BE8E50030BF9C /* Main.storyboard */; };
		E94135BB194BE8E50030BF9C /* Images.xcassets in Resources */ = {isa = PBXBuildFile; fileRef = E94135BA194BE8E50030BF9C /* Images.xcassets */; };
		E94135C7194BE8E50030BF9C /* ClipsieTests.swift in Sources */ = {isa = PBXBuildFile; fileRef = E94135C6194BE8E50030BF9C /* ClipsieTests.swift */; };
		E95D451A199FE09900F52242 /* Util.swift in Sources */ = {isa = PBXBuildFile; fileRef = E95D4519199FE09900F52242 /* Util.swift */; };
		E95D451C199FE6D300F52242 /* UIKit.framework in Frameworks */ = {isa = PBXBuildFile; fileRef = E95D451B199FE6D300F52242 /* UIKit.framework */; settings = {ATTRIBUTES = (Weak, ); }; };
		E9616DE7199885770015CFEB /* Inbox.swift in Sources */ = {isa = PBXBuildFile; fileRef = E9616DE6199885770015CFEB /* Inbox.swift */; };
		E966F61419988CF800AFCAE1 /* Browser.swift in Sources */ = {isa = PBXBuildFile; fileRef = E966F61319988CF800AFCAE1 /* Browser.swift */; };
		E98C728B1A436BCD003A8459 /* Clipsie.xcdatamodeld in Sources */ = {isa = PBXBuildFile; fileRef = E98C72891A436BCD003A8459 /* Clipsie.xcdatamodeld */; };
		E9922ABF1A3D23C70025D542 /* SharedUtil.swift in Sources */ = {isa = PBXBuildFile; fileRef = E9922ABE1A3D23C70025D542 /* SharedUtil.swift */; };
		E9B978DD199AFAC400341197 /* ClipsieiOSAdditions.swift in Sources */ = {isa = PBXBuildFile; fileRef = E9B978DC199AFAC400341197 /* ClipsieiOSAdditions.swift */; };
		E9C2EFD71A36104E005D271B /* Clipsie.swift in Sources */ = {isa = PBXBuildFile; fileRef = E9C2EFD61A36104E005D271B /* Clipsie.swift */; };
		E9C2F0181A377B8A005D271B /* ClipsieOffer.swift in Sources */ = {isa = PBXBuildFile; fileRef = E9C2F0171A377B8A005D271B /* ClipsieOffer.swift */; };
/* End PBXBuildFile section */

/* Begin PBXContainerItemProxy section */
		E94135C1194BE8E50030BF9C /* PBXContainerItemProxy */ = {
			isa = PBXContainerItemProxy;
			containerPortal = E94135A6194BE8E40030BF9C /* Project object */;
			proxyType = 1;
			remoteGlobalIDString = E94135AD194BE8E40030BF9C;
			remoteInfo = Clipsie;
		};
/* End PBXContainerItemProxy section */

/* Begin PBXFileReference section */
		E94135AE194BE8E40030BF9C /* Clipsie.app */ = {isa = PBXFileReference; explicitFileType = wrapper.application; includeInIndex = 0; path = Clipsie.app; sourceTree = BUILT_PRODUCTS_DIR; };
		E94135B2194BE8E40030BF9C /* Info.plist */ = {isa = PBXFileReference; lastKnownFileType = text.plist.xml; path = Info.plist; sourceTree = "<group>"; };
		E94135B3194BE8E50030BF9C /* AppDelegate.swift */ = {isa = PBXFileReference; lastKnownFileType = sourcecode.swift; path = AppDelegate.swift; sourceTree = "<group>"; };
		E94135B8194BE8E50030BF9C /* Base */ = {isa = PBXFileReference; lastKnownFileType = file.storyboard; name = Base; path = Base.lproj/Main.storyboard; sourceTree = "<group>"; };
		E94135BA194BE8E50030BF9C /* Images.xcassets */ = {isa = PBXFileReference; lastKnownFileType = folder.assetcatalog; path = Images.xcassets; sourceTree = "<group>"; };
		E94135C0194BE8E50030BF9C /* ClipsieTests.xctest */ = {isa = PBXFileReference; explicitFileType = wrapper.cfbundle; includeInIndex = 0; path = ClipsieTests.xctest; sourceTree = BUILT_PRODUCTS_DIR; };
		E94135C5194BE8E50030BF9C /* Info.plist */ = {isa = PBXFileReference; lastKnownFileType = text.plist.xml; path = Info.plist; sourceTree = "<group>"; };
		E94135C6194BE8E50030BF9C /* ClipsieTests.swift */ = {isa = PBXFileReference; lastKnownFileType = sourcecode.swift; path = ClipsieTests.swift; sourceTree = "<group>"; };
		E95D4519199FE09900F52242 /* Util.swift */ = {isa = PBXFileReference; fileEncoding = 4; lastKnownFileType = sourcecode.swift; path = Util.swift; sourceTree = "<group>"; };
		E95D451B199FE6D300F52242 /* UIKit.framework */ = {isa = PBXFileReference; lastKnownFileType = wrapper.framework; name = UIKit.framework; path = System/Library/Frameworks/UIKit.framework; sourceTree = SDKROOT; };
		E9616DE6199885770015CFEB /* Inbox.swift */ = {isa = PBXFileReference; fileEncoding = 4; lastKnownFileType = sourcecode.swift; path = Inbox.swift; sourceTree = "<group>"; };
		E966F61319988CF800AFCAE1 /* Browser.swift */ = {isa = PBXFileReference; fileEncoding = 4; lastKnownFileType = sourcecode.swift; path = Browser.swift; sourceTree = "<group>"; };
		E98C728A1A436BCD003A8459 /* Clipsie.xcdatamodel */ = {isa = PBXFileReference; lastKnownFileType = wrapper.xcdatamodel; path = Clipsie.xcdatamodel; sourceTree = "<group>"; };
		E9922ABE1A3D23C70025D542 /* SharedUtil.swift */ = {isa = PBXFileReference; fileEncoding = 4; lastKnownFileType = sourcecode.swift; name = SharedUtil.swift; path = ../Apple/SharedUtil.swift; sourceTree = "<group>"; };
		E9B978DC199AFAC400341197 /* ClipsieiOSAdditions.swift */ = {isa = PBXFileReference; fileEncoding = 4; lastKnownFileType = sourcecode.swift; path = ClipsieiOSAdditions.swift; sourceTree = "<group>"; };
		E9C2EFD61A36104E005D271B /* Clipsie.swift */ = {isa = PBXFileReference; fileEncoding = 4; lastKnownFileType = sourcecode.swift; name = Clipsie.swift; path = ../Apple/Clipsie.swift; sourceTree = "<group>"; };
		E9C2F0171A377B8A005D271B /* ClipsieOffer.swift */ = {isa = PBXFileReference; fileEncoding = 4; lastKnownFileType = sourcecode.swift; name = ClipsieOffer.swift; path = ../Apple/ClipsieOffer.swift; sourceTree = "<group>"; };
/* End PBXFileReference section */

/* Begin PBXFrameworksBuildPhase section */
		E94135AB194BE8E40030BF9C /* Frameworks */ = {
			isa = PBXFrameworksBuildPhase;
			buildActionMask = 2147483647;
			files = (
				E95D451C199FE6D300F52242 /* UIKit.framework in Frameworks */,
			);
			runOnlyForDeploymentPostprocessing = 0;
		};
		E94135BD194BE8E50030BF9C /* Frameworks */ = {
			isa = PBXFrameworksBuildPhase;
			buildActionMask = 2147483647;
			files = (
			);
			runOnlyForDeploymentPostprocessing = 0;
		};
/* End PBXFrameworksBuildPhase section */

/* Begin PBXGroup section */
		E94135A5194BE8E40030BF9C = {
			isa = PBXGroup;
			children = (
				E95D451B199FE6D300F52242 /* UIKit.framework */,
				E94135DD194CB1C10030BF9C /* Shared */,
				E94135B0194BE8E40030BF9C /* Clipsie */,
				E94135C3194BE8E50030BF9C /* ClipsieTests */,
				E94135AF194BE8E40030BF9C /* Products */,
			);
			sourceTree = "<group>";
		};
		E94135AF194BE8E40030BF9C /* Products */ = {
			isa = PBXGroup;
			children = (
				E94135AE194BE8E40030BF9C /* Clipsie.app */,
				E94135C0194BE8E50030BF9C /* ClipsieTests.xctest */,
			);
			name = Products;
			sourceTree = "<group>";
		};
		E94135B0194BE8E40030BF9C /* Clipsie */ = {
			isa = PBXGroup;
			children = (
				E94135B7194BE8E50030BF9C /* Main.storyboard */,
				E95D4519199FE09900F52242 /* Util.swift */,
				E9B978DC199AFAC400341197 /* ClipsieiOSAdditions.swift */,
				E94135B3194BE8E50030BF9C /* AppDelegate.swift */,
				E966F61319988CF800AFCAE1 /* Browser.swift */,
				E9616DE6199885770015CFEB /* Inbox.swift */,
				E94135BA194BE8E50030BF9C /* Images.xcassets */,
				E94135B1194BE8E40030BF9C /* Supporting Files */,
			);
			path = Clipsie;
			sourceTree = "<group>";
		};
		E94135B1194BE8E40030BF9C /* Supporting Files */ = {
			isa = PBXGroup;
			children = (
				E94135B2194BE8E40030BF9C /* Info.plist */,
			);
			name = "Supporting Files";
			sourceTree = "<group>";
		};
		E94135C3194BE8E50030BF9C /* ClipsieTests */ = {
			isa = PBXGroup;
			children = (
				E94135C6194BE8E50030BF9C /* ClipsieTests.swift */,
				E94135C4194BE8E50030BF9C /* Supporting Files */,
			);
			path = ClipsieTests;
			sourceTree = "<group>";
		};
		E94135C4194BE8E50030BF9C /* Supporting Files */ = {
			isa = PBXGroup;
			children = (
				E94135C5194BE8E50030BF9C /* Info.plist */,
			);
			name = "Supporting Files";
			sourceTree = "<group>";
		};
		E94135DD194CB1C10030BF9C /* Shared */ = {
			isa = PBXGroup;
			children = (
				E9C2EFD61A36104E005D271B /* Clipsie.swift */,
				E9922ABE1A3D23C70025D542 /* SharedUtil.swift */,
				E9C2F0171A377B8A005D271B /* ClipsieOffer.swift */,
				E98C72891A436BCD003A8459 /* Clipsie.xcdatamodeld */,
			);
			name = Shared;
			sourceTree = "<group>";
		};
/* End PBXGroup section */

/* Begin PBXNativeTarget section */
		E94135AD194BE8E40030BF9C /* Clipsie */ = {
			isa = PBXNativeTarget;
			buildConfigurationList = E94135CA194BE8E50030BF9C /* Build configuration list for PBXNativeTarget "Clipsie" */;
			buildPhases = (
				E94135AA194BE8E40030BF9C /* Sources */,
				E94135AB194BE8E40030BF9C /* Frameworks */,
				E94135AC194BE8E40030BF9C /* Resources */,
			);
			buildRules = (
			);
			dependencies = (
			);
			name = Clipsie;
			productName = Clipsie;
			productReference = E94135AE194BE8E40030BF9C /* Clipsie.app */;
			productType = "com.apple.product-type.application";
		};
		E94135BF194BE8E50030BF9C /* ClipsieTests */ = {
			isa = PBXNativeTarget;
			buildConfigurationList = E94135CD194BE8E50030BF9C /* Build configuration list for PBXNativeTarget "ClipsieTests" */;
			buildPhases = (
				E94135BC194BE8E50030BF9C /* Sources */,
				E94135BD194BE8E50030BF9C /* Frameworks */,
				E94135BE194BE8E50030BF9C /* Resources */,
			);
			buildRules = (
			);
			dependencies = (
				E94135C2194BE8E50030BF9C /* PBXTargetDependency */,
			);
			name = ClipsieTests;
			productName = ClipsieTests;
			productReference = E94135C0194BE8E50030BF9C /* ClipsieTests.xctest */;
			productType = "com.apple.product-type.bundle.unit-test";
		};
/* End PBXNativeTarget section */

/* Begin PBXProject section */
		E94135A6194BE8E40030BF9C /* Project object */ = {
			isa = PBXProject;
			attributes = {
				LastUpgradeCheck = 0600;
				ORGANIZATIONNAME = "Coordinated Hackers";
				TargetAttributes = {
					E94135AD194BE8E40030BF9C = {
						CreatedOnToolsVersion = 6.0;
						DevelopmentTeam = YT97T7Y78M;
					};
					E94135BF194BE8E50030BF9C = {
						CreatedOnToolsVersion = 6.0;
						TestTargetID = E94135AD194BE8E40030BF9C;
					};
				};
			};
			buildConfigurationList = E94135A9194BE8E40030BF9C /* Build configuration list for PBXProject "Clipsie" */;
			compatibilityVersion = "Xcode 3.2";
			developmentRegion = English;
			hasScannedForEncodings = 0;
			knownRegions = (
				en,
				Base,
			);
			mainGroup = E94135A5194BE8E40030BF9C;
			productRefGroup = E94135AF194BE8E40030BF9C /* Products */;
			projectDirPath = "";
			projectRoot = "";
			targets = (
				E94135AD194BE8E40030BF9C /* Clipsie */,
				E94135BF194BE8E50030BF9C /* ClipsieTests */,
			);
		};
/* End PBXProject section */

/* Begin PBXResourcesBuildPhase section */
		E94135AC194BE8E40030BF9C /* Resources */ = {
			isa = PBXResourcesBuildPhase;
			buildActionMask = 2147483647;
			files = (
				E94135B9194BE8E50030BF9C /* Main.storyboard in Resources */,
				E94135BB194BE8E50030BF9C /* Images.xcassets in Resources */,
			);
			runOnlyForDeploymentPostprocessing = 0;
		};
		E94135BE194BE8E50030BF9C /* Resources */ = {
			isa = PBXResourcesBuildPhase;
			buildActionMask = 2147483647;
			files = (
			);
			runOnlyForDeploymentPostprocessing = 0;
		};
/* End PBXResourcesBuildPhase section */

/* Begin PBXSourcesBuildPhase section */
		E94135AA194BE8E40030BF9C /* Sources */ = {
			isa = PBXSourcesBuildPhase;
			buildActionMask = 2147483647;
			files = (
				E9C2F0181A377B8A005D271B /* ClipsieOffer.swift in Sources */,
				E9922ABF1A3D23C70025D542 /* SharedUtil.swift in Sources */,
				E95D451A199FE09900F52242 /* Util.swift in Sources */,
				E9C2EFD71A36104E005D271B /* Clipsie.swift in Sources */,
				E966F61419988CF800AFCAE1 /* Browser.swift in Sources */,
				E9B978DD199AFAC400341197 /* ClipsieiOSAdditions.swift in Sources */,
				E98C728B1A436BCD003A8459 /* Clipsie.xcdatamodeld in Sources */,
				E9616DE7199885770015CFEB /* Inbox.swift in Sources */,
				E94135B4194BE8E50030BF9C /* AppDelegate.swift in Sources */,
			);
			runOnlyForDeploymentPostprocessing = 0;
		};
		E94135BC194BE8E50030BF9C /* Sources */ = {
			isa = PBXSourcesBuildPhase;
			buildActionMask = 2147483647;
			files = (
				E94135C7194BE8E50030BF9C /* ClipsieTests.swift in Sources */,
			);
			runOnlyForDeploymentPostprocessing = 0;
		};
/* End PBXSourcesBuildPhase section */

/* Begin PBXTargetDependency section */
		E94135C2194BE8E50030BF9C /* PBXTargetDependency */ = {
			isa = PBXTargetDependency;
			target = E94135AD194BE8E40030BF9C /* Clipsie */;
			targetProxy = E94135C1194BE8E50030BF9C /* PBXContainerItemProxy */;
		};
/* End PBXTargetDependency section */

/* Begin PBXVariantGroup section */
		E94135B7194BE8E50030BF9C /* Main.storyboard */ = {
			isa = PBXVariantGroup;
			children = (
				E94135B8194BE8E50030BF9C /* Base */,
			);
			name = Main.storyboard;
			sourceTree = "<group>";
		};
/* End PBXVariantGroup section */

/* Begin XCBuildConfiguration section */
		E94135C8194BE8E50030BF9C /* Debug */ = {
			isa = XCBuildConfiguration;
			buildSettings = {
				ALWAYS_SEARCH_USER_PATHS = NO;
				CLANG_CXX_LANGUAGE_STANDARD = "gnu++0x";
				CLANG_CXX_LIBRARY = "libc++";
				CLANG_ENABLE_MODULES = YES;
				CLANG_ENABLE_OBJC_ARC = YES;
				CLANG_WARN_BOOL_CONVERSION = YES;
				CLANG_WARN_CONSTANT_CONVERSION = YES;
				CLANG_WARN_DIRECT_OBJC_ISA_USAGE = YES_ERROR;
				CLANG_WARN_EMPTY_BODY = YES;
				CLANG_WARN_ENUM_CONVERSION = YES;
				CLANG_WARN_INT_CONVERSION = YES;
				CLANG_WARN_OBJC_ROOT_CLASS = YES_ERROR;
				CLANG_WARN_UNREACHABLE_CODE = YES;
				CLANG_WARN__DUPLICATE_METHOD_MATCH = YES;
				"CODE_SIGN_IDENTITY[sdk=iphoneos*]" = "iPhone Developer";
				COPY_PHASE_STRIP = NO;
				ENABLE_STRICT_OBJC_MSGSEND = YES;
				GCC_C_LANGUAGE_STANDARD = gnu99;
				GCC_DYNAMIC_NO_PIC = NO;
				GCC_OPTIMIZATION_LEVEL = 0;
				GCC_PREPROCESSOR_DEFINITIONS = (
					"DEBUG=1",
					"$(inherited)",
				);
				GCC_SYMBOLS_PRIVATE_EXTERN = NO;
				GCC_WARN_64_TO_32_BIT_CONVERSION = YES;
				GCC_WARN_ABOUT_RETURN_TYPE = YES_ERROR;
				GCC_WARN_UNDECLARED_SELECTOR = YES;
				GCC_WARN_UNINITIALIZED_AUTOS = YES_AGGRESSIVE;
				GCC_WARN_UNUSED_FUNCTION = YES;
				GCC_WARN_UNUSED_VARIABLE = YES;
				IPHONEOS_DEPLOYMENT_TARGET = 8.0;
				METAL_ENABLE_DEBUG_INFO = YES;
				ONLY_ACTIVE_ARCH = YES;
				SDKROOT = iphoneos;
				SWIFT_OPTIMIZATION_LEVEL = "-Onone";
				TARGETED_DEVICE_FAMILY = "1,2";
			};
			name = Debug;
		};
		E94135C9194BE8E50030BF9C /* Release */ = {
			isa = XCBuildConfiguration;
			buildSettings = {
				ALWAYS_SEARCH_USER_PATHS = NO;
				CLANG_CXX_LANGUAGE_STANDARD = "gnu++0x";
				CLANG_CXX_LIBRARY = "libc++";
				CLANG_ENABLE_MODULES = YES;
				CLANG_ENABLE_OBJC_ARC = YES;
				CLANG_WARN_BOOL_CONVERSION = YES;
				CLANG_WARN_CONSTANT_CONVERSION = YES;
				CLANG_WARN_DIRECT_OBJC_ISA_USAGE = YES_ERROR;
				CLANG_WARN_EMPTY_BODY = YES;
				CLANG_WARN_ENUM_CONVERSION = YES;
				CLANG_WARN_INT_CONVERSION = YES;
				CLANG_WARN_OBJC_ROOT_CLASS = YES_ERROR;
				CLANG_WARN_UNREACHABLE_CODE = YES;
				CLANG_WARN__DUPLICATE_METHOD_MATCH = YES;
				"CODE_SIGN_IDENTITY[sdk=iphoneos*]" = "iPhone Developer";
				COPY_PHASE_STRIP = YES;
				ENABLE_NS_ASSERTIONS = NO;
				ENABLE_STRICT_OBJC_MSGSEND = YES;
				GCC_C_LANGUAGE_STANDARD = gnu99;
				GCC_WARN_64_TO_32_BIT_CONVERSION = YES;
				GCC_WARN_ABOUT_RETURN_TYPE = YES_ERROR;
				GCC_WARN_UNDECLARED_SELECTOR = YES;
				GCC_WARN_UNINITIALIZED_AUTOS = YES_AGGRESSIVE;
				GCC_WARN_UNUSED_FUNCTION = YES;
				GCC_WARN_UNUSED_VARIABLE = YES;
				IPHONEOS_DEPLOYMENT_TARGET = 8.0;
				METAL_ENABLE_DEBUG_INFO = NO;
				SDKROOT = iphoneos;
				TARGETED_DEVICE_FAMILY = "1,2";
				VALIDATE_PRODUCT = YES;
			};
			name = Release;
		};
		E94135CB194BE8E50030BF9C /* Debug */ = {
			isa = XCBuildConfiguration;
			buildSettings = {
				ASSETCATALOG_COMPILER_APPICON_NAME = AppIcon;
				ASSETCATALOG_COMPILER_LAUNCHIMAGE_NAME = LaunchImage;
				CLANG_ENABLE_MODULES = YES;
				CODE_SIGN_IDENTITY = "iPhone Developer";
				"CODE_SIGN_IDENTITY[sdk=iphoneos*]" = "iPhone Developer";
				INFOPLIST_FILE = Clipsie/Info.plist;
				IPHONEOS_DEPLOYMENT_TARGET = 7.1;
				LD_RUNPATH_SEARCH_PATHS = "$(inherited) @executable_path/Frameworks";
				PRODUCT_NAME = "$(TARGET_NAME)";
				PROVISIONING_PROFILE = "";
				SWIFT_OPTIMIZATION_LEVEL = "-Onone";
			};
			name = Debug;
		};
		E94135CC194BE8E50030BF9C /* Release */ = {
			isa = XCBuildConfiguration;
			buildSettings = {
				ASSETCATALOG_COMPILER_APPICON_NAME = AppIcon;
				ASSETCATALOG_COMPILER_LAUNCHIMAGE_NAME = LaunchImage;
				CLANG_ENABLE_MODULES = YES;
				CODE_SIGN_IDENTITY = "iPhone Developer";
				"CODE_SIGN_IDENTITY[sdk=iphoneos*]" = "iPhone Developer";
				INFOPLIST_FILE = Clipsie/Info.plist;
				IPHONEOS_DEPLOYMENT_TARGET = 7.1;
				LD_RUNPATH_SEARCH_PATHS = "$(inherited) @executable_path/Frameworks";
				PRODUCT_NAME = "$(TARGET_NAME)";
				PROVISIONING_PROFILE = "";
			};
			name = Release;
		};
		E94135CE194BE8E50030BF9C /* Debug */ = {
			isa = XCBuildConfiguration;
			buildSettings = {
				BUNDLE_LOADER = "$(BUILT_PRODUCTS_DIR)/Clipsie.app/Clipsie";
				FRAMEWORK_SEARCH_PATHS = (
					"$(SDKROOT)/Developer/Library/Frameworks",
					"$(inherited)",
				);
				GCC_PREPROCESSOR_DEFINITIONS = (
					"DEBUG=1",
					"$(inherited)",
				);
				INFOPLIST_FILE = ClipsieTests/Info.plist;
				LD_RUNPATH_SEARCH_PATHS = "$(inherited) @executable_path/Frameworks @loader_path/Frameworks";
				METAL_ENABLE_DEBUG_INFO = YES;
				PRODUCT_NAME = "$(TARGET_NAME)";
				TEST_HOST = "$(BUNDLE_LOADER)";
			};
			name = Debug;
		};
		E94135CF194BE8E50030BF9C /* Release */ = {
			isa = XCBuildConfiguration;
			buildSettings = {
				BUNDLE_LOADER = "$(BUILT_PRODUCTS_DIR)/Clipsie.app/Clipsie";
				FRAMEWORK_SEARCH_PATHS = (
					"$(SDKROOT)/Developer/Library/Frameworks",
					"$(inherited)",
				);
				INFOPLIST_FILE = ClipsieTests/Info.plist;
				LD_RUNPATH_SEARCH_PATHS = "$(inherited) @executable_path/Frameworks @loader_path/Frameworks";
				METAL_ENABLE_DEBUG_INFO = NO;
				PRODUCT_NAME = "$(TARGET_NAME)";
				TEST_HOST = "$(BUNDLE_LOADER)";
			};
			name = Release;
		};
/* End XCBuildConfiguration section */

/* Begin XCConfigurationList section */
		E94135A9194BE8E40030BF9C /* Build configuration list for PBXProject "Clipsie" */ = {
			isa = XCConfigurationList;
			buildConfigurations = (
				E94135C8194BE8E50030BF9C /* Debug */,
				E94135C9194BE8E50030BF9C /* Release */,
			);
			defaultConfigurationIsVisible = 0;
			defaultConfigurationName = Release;
		};
		E94135CA194BE8E50030BF9C /* Build configuration list for PBXNativeTarget "Clipsie" */ = {
			isa = XCConfigurationList;
			buildConfigurations = (
				E94135CB194BE8E50030BF9C /* Debug */,
				E94135CC194BE8E50030BF9C /* Release */,
			);
			defaultConfigurationIsVisible = 0;
			defaultConfigurationName = Release;
		};
		E94135CD194BE8E50030BF9C /* Build configuration list for PBXNativeTarget "ClipsieTests" */ = {
			isa = XCConfigurationList;
			buildConfigurations = (
				E94135CE194BE8E50030BF9C /* Debug */,
				E94135CF194BE8E50030BF9C /* Release */,
			);
			defaultConfigurationIsVisible = 0;
			defaultConfigurationName = Release;
		};
/* End XCConfigurationList section */

/* Begin XCVersionGroup section */
		E98C72891A436BCD003A8459 /* Clipsie.xcdatamodeld */ = {
			isa = XCVersionGroup;
			children = (
				E98C728A1A436BCD003A8459 /* Clipsie.xcdatamodel */,
			);
			currentVersion = E98C728A1A436BCD003A8459 /* Clipsie.xcdatamodel */;
			name = Clipsie.xcdatamodeld;
			path = ../Apple/Clipsie.xcdatamodeld;
			sourceTree = "<group>";
			versionGroupType = wrapper.xcdatamodel;
		};
/* End XCVersionGroup section */
	};
	rootObject = E94135A6194BE8E40030BF9C /* Project object */;
}
